
Microsoft Visual Studio Solution File, Format Version 12.00
# Visual Studio Version 16
VisualStudioVersion = 16.0.29009.5
MinimumVisualStudioVersion = 10.0.40219.1
Project("{888888A0-9F3D-457C-B088-3A5042F75D52}") = "forwardNN", "forwardNN\forwardNN.pyproj", "{482DFB78-79DE-4C9D-96EC-2AD47EA0CB81}"
EndProject
Global
	GlobalSection(SolutionConfigurationPlatforms) = preSolution
		Debug|Any CPU = Debug|Any CPU
		Release|Any CPU = Release|Any CPU
	EndGlobalSection
	GlobalSection(ProjectConfigurationPlatforms) = postSolution
		{482DFB78-79DE-4C9D-96EC-2AD47EA0CB81}.Debug|Any CPU.ActiveCfg = Debug|Any CPU
		{482DFB78-79DE-4C9D-96EC-2AD47EA0CB81}.Release|Any CPU.ActiveCfg = Release|Any CPU
	EndGlobalSection
	GlobalSection(SolutionProperties) = preSolution
		HideSolutionNode = FALSE
	EndGlobalSection
	GlobalSection(ExtensibilityGlobals) = postSolution
		SolutionGuid = {6FC4FE93-BEC1-40B0-9792-2C5FB53872D4}
	EndGlobalSection
EndGlobal
